{
  "name": "graduationProject-main-main",
  "lockfileVersion": 3,
  "requires": true,
  "packages": {
    "": {
      "dependencies": {
        "wind-js-leaflet": "^2.0.5"
      }
    },
    "node_modules/wind-js-leaflet": {
      "version": "2.0.5",
      "resolved": "https://registry.npmjs.org/wind-js-leaflet/-/wind-js-leaflet-2.0.5.tgz",
      "integrity": "sha512-OwmiATJSHOQEirCqw3qXtEF5toRgws9sjWbO4mYnLhdxBNdREe5c5gpdu1AHR96+IX9ryF0K2oqi2GHDlPXnqA=="
    }
  }
}
